// !$*UTF8*$!
{
	archiveVersion = 1;
	classes = {
	};
	objectVersion = 46;
	objects = {

/* Begin PBXBuildFile section */
		CBC24B311C47CC5600FDEE31 /* AppDelegate.swift in Sources */ = {isa = PBXBuildFile; fileRef = CBC24B301C47CC5600FDEE31 /* AppDelegate.swift */; };
		CBC24B331C47CC5600FDEE31 /* ViewController.swift in Sources */ = {isa = PBXBuildFile; fileRef = CBC24B321C47CC5600FDEE31 /* ViewController.swift */; };
		CBC24B361C47CC5600FDEE31 /* Main.storyboard in Resources */ = {isa = PBXBuildFile; fileRef = CBC24B341C47CC5600FDEE31 /* Main.storyboard */; };
		CBC24B381C47CC5600FDEE31 /* Assets.xcassets in Resources */ = {isa = PBXBuildFile; fileRef = CBC24B371C47CC5600FDEE31 /* Assets.xcassets */; };
		CBC24B3B1C47CC5600FDEE31 /* LaunchScreen.storyboard in Resources */ = {isa = PBXBuildFile; fileRef = CBC24B391C47CC5600FDEE31 /* LaunchScreen.storyboard */; };
/* End PBXBuildFile section */

/* Begin PBXFileReference section */
		CBC24B2D1C47CC5600FDEE31 /* Boom App.app */ = {isa = PBXFileReference; explicitFileType = wrapper.application; includeInIndex = 0; path = "Boom App.app"; sourceTree = BUILT_PRODUCTS_DIR; };
		CBC24B301C47CC5600FDEE31 /* AppDelegate.swift */ = {isa = PBXFileReference; lastKnownFileType = sourcecode.swift; path = AppDelegate.swift; sourceTree = "<group>"; };
		CBC24B321C47CC5600FDEE31 /* ViewController.swift */ = {isa = PBXFileReference; lastKnownFileType = sourcecode.swift; path = ViewController.swift; sourceTree = "<group>"; };
		CBC24B351C47CC5600FDEE31 /* Base */ = {isa = PBXFileReference; lastKnownFileType = file.storyboard; name = Base; path = Base.lproj/Main.storyboard; sourceTree = "<group>"; };
		CBC24B371C47CC5600FDEE31 /* Assets.xcassets */ = {isa = PBXFileReference; lastKnownFileType = folder.assetcatalog; path = Assets.xcassets; sourceTree = "<group>"; };
		CBC24B3A1C47CC5600FDEE31 /* Base */ = {isa = PBXFileReference; lastKnownFileType = file.storyboard; name = Base; path = Base.lproj/LaunchScreen.storyboard; sourceTree = "<group>"; };
		CBC24B3C1C47CC5600FDEE31 /* Info.plist */ = {isa = PBXFileReference; lastKnownFileType = text.plist.xml; path = Info.plist; sourceTree = "<group>"; };
/* End PBXFileReference section */

/* Begin PBXFrameworksBuildPhase section */
		CBC24B2A1C47CC5600FDEE31 /* Frameworks */ = {
			isa = PBXFrameworksBuildPhase;
			buildActionMask = 2147483647;
			files = (
			);
			runOnlyForDeploymentPostprocessing = 0;
		};
/* End PBXFrameworksBuildPhase section */

/* Begin PBXGroup section */
		CBC24B241C47CC5600FDEE31 = {
			isa = PBXGroup;
			children = (
				CBC24B2F1C47CC5600FDEE31 /* Boom App */,
				CBC24B2E1C47CC5600FDEE31 /* Products */,
			);
			sourceTree = "<group>";
		};
		CBC24B2E1C47CC5600FDEE31 /* Products */ = {
			isa = PBXGroup;
			children = (
				CBC24B2D1C47CC5600FDEE31 /* Boom App.app */,
			);
			name = Products;
			sourceTree = "<group>";
		};
		CBC24B2F1C47CC5600FDEE31 /* Boom App */ = {
			isa = PBXGroup;
			children = (
				CBC24B301C47CC5600FDEE31 /* AppDelegate.swift */,
				CBC24B321C47CC5600FDEE31 /* ViewController.swift */,
				CBC24B341C47CC5600FDEE31 /* Main.storyboard */,
				CBC24B371C47CC5600FDEE31 /* Assets.xcassets */,
				CBC24B391C47CC5600FDEE31 /* LaunchScreen.storyboard */,
				CBC24B3C1C47CC5600FDEE31 /* Info.plist */,
			);
			path = "Boom App";
			sourceTree = "<group>";
		};
/* End PBXGroup section */

/* Begin PBXNativeTarget section */
		CBC24B2C1C47CC5600FDEE31 /* Boom App */ = {
			isa = PBXNativeTarget;
			buildConfigurationList = CBC24B3F1C47CC5600FDEE31 /* Build configuration list for PBXNativeTarget "Boom App" */;
			buildPhases = (
				CBC24B291C47CC5600FDEE31 /* Sources */,
				CBC24B2A1C47CC5600FDEE31 /* Frameworks */,
				CBC24B2B1C47CC5600FDEE31 /* Resources */,
			);
			buildRules = (
			);
			dependencies = (
			);
			name = "Boom App";
			productName = "Boom App";
			productReference = CBC24B2D1C47CC5600FDEE31 /* Boom App.app */;
			productType = "com.apple.product-type.application";
		};
/* End PBXNativeTarget section */

/* Begin PBXProject section */
		CBC24B251C47CC5600FDEE31 /* Project object */ = {
			isa = PBXProject;
			attributes = {
				LastSwiftUpdateCheck = 0720;
				LastUpgradeCheck = 0720;
				ORGANIZATIONNAME = UAETechMarket;
				TargetAttributes = {
					CBC24B2C1C47CC5600FDEE31 = {
						CreatedOnToolsVersion = 7.2;
					};
				};
			};
			buildConfigurationList = CBC24B281C47CC5600FDEE31 /* Build configuration list for PBXProject "Boom App" */;
			compatibilityVersion = "Xcode 3.2";
			developmentRegion = English;
			hasScannedForEncodings = 0;
			knownRegions = (
				en,
				Base,
			);
			mainGroup = CBC24B241C47CC5600FDEE31;
			productRefGroup = CBC24B2E1C47CC5600FDEE31 /* Products */;
			projectDirPath = "";
			projectRoot = "";
			targets = (
				CBC24B2C1C47CC5600FDEE31 /* Boom App */,
			);
		};
/* End PBXProject section */

/* Begin PBXResourcesBuildPhase section */
		CBC24B2B1C47CC5600FDEE31 /* Resources */ = {
			isa = PBXResourcesBuildPhase;
			buildActionMask = 2147483647;
			files = (
				CBC24B3B1C47CC5600FDEE31 /* LaunchScreen.storyboard in Resources */,
				CBC24B381C47CC5600FDEE31 /* Assets.xcassets in Resources */,
				CBC24B361C47CC5600FDEE31 /* Main.storyboard in Resources */,
			);
			runOnlyForDeploymentPostprocessing = 0;
		};
/* End PBXResourcesBuildPhase section */

/* Begin PBXSourcesBuildPhase section */
		CBC24B291C47CC5600FDEE31 /* Sources */ = {
			isa = PBXSourcesBuildPhase;
			buildActionMask = 2147483647;
			files = (
				CBC24B331C47CC5600FDEE31 /* ViewController.swift in Sources */,
				CBC24B311C47CC5600FDEE31 /* AppDelegate.swift in Sources */,
			);
			runOnlyForDeploymentPostprocessing = 0;
		};
/* End PBXSourcesBuildPhase section */

/* Begin PBXVariantGroup section */
		CBC24B341C47CC5600FDEE31 /* Main.storyboard */ = {
			isa = PBXVariantGroup;
			children = (
				CBC24B351C47CC5600FDEE31 /* Base */,
			);
			name = Main.storyboard;
			sourceTree = "<group>";
		};
		CBC24B391C47CC5600FDEE31 /* LaunchScreen.storyboard */ = {
			isa = PBXVariantGroup;
			children = (
				CBC24B3A1C47CC5600FDEE31 /* Base */,
			);
			name = LaunchScreen.storyboard;
			sourceTree = "<group>";
		};
/* End PBXVariantGroup section */

/* Begin XCBuildConfiguration section */
		CBC24B3D1C47CC5600FDEE31 /* Debug */ = {
			isa = XCBuildConfiguration;
			buildSettings = {
				ALWAYS_SEARCH_USER_PATHS = NO;
				CLANG_CXX_LANGUAGE_STANDARD = "gnu++0x";
				CLANG_CXX_LIBRARY = "libc++";
				CLANG_ENABLE_MODULES = YES;
				CLANG_ENABLE_OBJC_ARC = YES;
				CLANG_WARN_BOOL_CONVERSION = YES;
				CLANG_WARN_CONSTANT_CONVERSION = YES;
				CLANG_WARN_DIRECT_OBJC_ISA_USAGE = YES_ERROR;
				CLANG_WARN_EMPTY_BODY = YES;
				CLANG_WARN_ENUM_CONVERSION = YES;
				CLANG_WARN_INT_CONVERSION = YES;
				CLANG_WARN_OBJC_ROOT_CLASS = YES_ERROR;
				CLANG_WARN_UNREACHABLE_CODE = YES;
				CLANG_WARN__DUPLICATE_METHOD_MATCH = YES;
				"CODE_SIGN_IDENTITY[sdk=iphoneos*]" = "iPhone Developer";
				COPY_PHASE_STRIP = NO;
				DEBUG_INFORMATION_FORMAT = dwarf;
				ENABLE_STRICT_OBJC_MSGSEND = YES;
				ENABLE_TESTABILITY = YES;
				GCC_C_LANGUAGE_STANDARD = gnu99;
				GCC_DYNAMIC_NO_PIC = NO;
				GCC_NO_COMMON_BLOCKS = YES;
				GCC_OPTIMIZATION_LEVEL = 0;
				GCC_PREPROCESSOR_DEFINITIONS = (
					"DEBUG=1",
					"$(inherited)",
				);
				GCC_WARN_64_TO_32_BIT_CONVERSION = YES;
				GCC_WARN_ABOUT_RETURN_TYPE = YES_ERROR;
				GCC_WARN_UNDECLARED_SELECTOR = YES;
				GCC_WARN_UNINITIALIZED_AUTOS = YES_AGGRESSIVE;
				GCC_WARN_UNUSED_FUNCTION = YES;
				GCC_WARN_UNUSED_VARIABLE = YES;
				IPHONEOS_DEPLOYMENT_TARGET = 9.2;
				MTL_ENABLE_DEBUG_INFO = YES;
				ONLY_ACTIVE_ARCH = YES;
				SDKROOT = iphoneos;
				SWIFT_OPTIMIZATION_LEVEL = "-Onone";
			};
			name = Debug;
		};
		CBC24B3E1C47CC5600FDEE31 /* Release */ = {
			isa = XCBuildConfiguration;
			buildSettings = {
				ALWAYS_SEARCH_USER_PATHS = NO;
				CLANG_CXX_LANGUAGE_STANDARD = "gnu++0x";
				CLANG_CXX_LIBRARY = "libc++";
				CLANG_ENABLE_MODULES = YES;
				CLANG_ENABLE_OBJC_ARC = YES;
				CLANG_WARN_BOOL_CONVERSION = YES;
				CLANG_WARN_CONSTANT_CONVERSION = YES;
				CLANG_WARN_DIRECT_OBJC_ISA_USAGE = YES_ERROR;
				CLANG_WARN_EMPTY_BODY = YES;
				CLANG_WARN_ENUM_CONVERSION = YES;
				CLANG_WARN_INT_CONVERSION = YES;
				CLANG_WARN_OBJC_ROOT_CLASS = YES_ERROR;
				CLANG_WARN_UNREACHABLE_CODE = YES;
				CLANG_WARN__DUPLICATE_METHOD_MATCH = YES;
				"CODE_SIGN_IDENTITY[sdk=iphoneos*]" = "iPhone Developer";
				COPY_PHASE_STRIP = NO;
				DEBUG_INFORMATION_FORMAT = "dwarf-with-dsym";
				ENABLE_NS_ASSERTIONS = NO;
				ENABLE_STRICT_OBJC_MSGSEND = YES;
				GCC_C_LANGUAGE_STANDARD = gnu99;
				GCC_NO_COMMON_BLOCKS = YES;
				GCC_WARN_64_TO_32_BIT_CONVERSION = YES;
				GCC_WARN_ABOUT_RETURN_TYPE = YES_ERROR;
				GCC_WARN_UNDECLARED_SELECTOR = YES;
				GCC_WARN_UNINITIALIZED_AUTOS = YES_AGGRESSIVE;
				GCC_WARN_UNUSED_FUNCTION = YES;
				GCC_WARN_UNUSED_VARIABLE = YES;
				IPHONEOS_DEPLOYMENT_TARGET = 9.2;
				MTL_ENABLE_DEBUG_INFO = NO;
				SDKROOT = iphoneos;
				VALIDATE_PRODUCT = YES;
			};
			name = Release;
		};
		CBC24B401C47CC5600FDEE31 /* Debug */ = {
			isa = XCBuildConfiguration;
			buildSettings = {
				ASSETCATALOG_COMPILER_APPICON_NAME = AppIcon;
				INFOPLIST_FILE = "Boom App/Info.plist";
				LD_RUNPATH_SEARCH_PATHS = "$(inherited) @executable_path/Frameworks";
				PRODUCT_BUNDLE_IDENTIFIER = "com.UAETechMarket.Boom-App";
				PRODUCT_NAME = "$(TARGET_NAME)";
			};
			name = Debug;
		};
		CBC24B411C47CC5600FDEE31 /* Release */ = {
			isa = XCBuildConfiguration;
			buildSettings = {
				ASSETCATALOG_COMPILER_APPICON_NAME = AppIcon;
				INFOPLIST_FILE = "Boom App/Info.plist";
				LD_RUNPATH_SEARCH_PATHS = "$(inherited) @executable_path/Frameworks";
				PRODUCT_BUNDLE_IDENTIFIER = "com.UAETechMarket.Boom-App";
				PRODUCT_NAME = "$(TARGET_NAME)";
			};
			name = Release;
		};
/* End XCBuildConfiguration section */

/* Begin XCConfigurationList section */
		CBC24B281C47CC5600FDEE31 /* Build configuration list for PBXProject "Boom App" */ = {
			isa = XCConfigurationList;
			buildConfigurations = (
				CBC24B3D1C47CC5600FDEE31 /* Debug */,
				CBC24B3E1C47CC5600FDEE31 /* Release */,
			);
			defaultConfigurationIsVisible = 0;
			defaultConfigurationName = Release;
		};
		CBC24B3F1C47CC5600FDEE31 /* Build configuration list for PBXNativeTarget "Boom App" */ = {
			isa = XCConfigurationList;
			buildConfigurations = (
				CBC24B401C47CC5600FDEE31 /* Debug */,
				CBC24B411C47CC5600FDEE31 /* Release */,
			);
			defaultConfigurationIsVisible = 0;
		};
/* End XCConfigurationList section */
	};
	rootObject = CBC24B251C47CC5600FDEE31 /* Project object */;
}
